
Microsoft Visual Studio Solution File, Format Version 12.00
# Visual Studio Version 17
VisualStudioVersion = 17.1.32328.378
MinimumVisualStudioVersion = 10.0.40219.1
Project("{9A19103F-16F7-4668-BE54-9A1E7A4F7556}") = "GameRoulette", "GameRoulette.csproj", "{5EF528FD-E0EE-4BA8-A5AC-76F2BEB2A2BF}"
EndProject
Global
	GlobalSection(SolutionConfigurationPlatforms) = preSolution
		Debug|Any CPU = Debug|Any CPU
		Release|Any CPU = Release|Any CPU
	EndGlobalSection
	GlobalSection(ProjectConfigurationPlatforms) = postSolution
		{5EF528FD-E0EE-4BA8-A5AC-76F2BEB2A2BF}.Debug|Any CPU.ActiveCfg = Debug|Any CPU
		{5EF528FD-E0EE-4BA8-A5AC-76F2BEB2A2BF}.Debug|Any CPU.Build.0 = Debug|Any CPU
		{5EF528FD-E0EE-4BA8-A5AC-76F2BEB2A2BF}.Release|Any CPU.ActiveCfg = Release|Any CPU
		{5EF528FD-E0EE-4BA8-A5AC-76F2BEB2A2BF}.Release|Any CPU.Build.0 = Release|Any CPU
	EndGlobalSection
	GlobalSection(SolutionProperties) = preSolution
		HideSolutionNode = FALSE
	EndGlobalSection
	GlobalSection(ExtensibilityGlobals) = postSolution
		SolutionGuid = {DCF0D4AC-01A9-454F-A538-0D147BEDDCAF}
	EndGlobalSection
EndGlobal
